[[package]]
name = "asgiref"
version = "3.5.2"
description = "ASGI specs, helper code, and adapters"
category = "main"
optional = false
python-versions = ">=3.7"

[package.extras]
tests = ["pytest", "pytest-asyncio", "mypy (>=0.800)"]

[[package]]
name = "backports.zoneinfo"
version = "0.2.1"
description = "Backport of the standard library zoneinfo module"
category = "main"
optional = false
python-versions = ">=3.6"

[package.extras]
tzdata = ["tzdata"]

[[package]]
name = "django"
version = "4.0.8"
description = "A high-level Python web framework that encourages rapid development and clean, pragmatic design."
category = "main"
optional = false
python-versions = ">=3.8"

[package.dependencies]
asgiref = ">=3.4.1,<4"
"backports.zoneinfo" = {version = "*", markers = "python_version < \"3.9\""}
sqlparse = ">=0.2.2"
tzdata = {version = "*", markers = "sys_platform == \"win32\""}

[package.extras]
argon2 = ["argon2-cffi (>=19.1.0)"]
bcrypt = ["bcrypt"]

[[package]]
name = "django-cors-headers"
version = "3.13.0"
description = "django-cors-headers is a Django application for handling the server headers required for Cross-Origin Resource Sharing (CORS)."
category = "main"
optional = false
python-versions = ">=3.7"

[package.dependencies]
Django = ">=3.2"

[[package]]
name = "django-mssql"
version = "1.8"
description = "Django backend database support for MS SQL Server."
category = "main"
optional = false
python-versions = "*"

[[package]]
name = "django-mssql-backend"
version = "2.8.1"
description = "Django backend for Microsoft SQL Server"
category = "main"
optional = false
python-versions = "*"

[package.dependencies]
pyodbc = ">=3.0"

[[package]]
name = "djangorestframework"
version = "3.14.0"
description = "Web APIs for Django, made easy."
category = "main"
optional = false
python-versions = ">=3.6"

[package.dependencies]
django = ">=3.0"
pytz = "*"

[[package]]
name = "mssql-django"
version = "1.1.3"
description = "Django backend for Microsoft SQL Server"
category = "main"
optional = false
python-versions = "*"

[package.dependencies]
django = ">=2.2,<4.1"
pyodbc = ">=3.0"
pytz = "*"

[[package]]
name = "pyodbc"
version = "4.0.34"
description = "DB API Module for ODBC"
category = "main"
optional = false
python-versions = ">=2.7, !=3.0.*, !=3.1.*, !=3.2.*, !=3.3.*, !=3.4.*, !=3.5.*"

[[package]]
name = "pytz"
version = "2022.5"
description = "World timezone definitions, modern and historical"
category = "main"
optional = false
python-versions = "*"

[[package]]
name = "pyyaml"
version = "6.0"
description = "YAML parser and emitter for Python"
category = "main"
optional = false
python-versions = ">=3.6"

[[package]]
name = "sqlparse"
version = "0.4.3"
description = "A non-validating SQL parser."
category = "main"
optional = false
python-versions = ">=3.5"

[[package]]
name = "tzdata"
version = "2022.5"
description = "Provider of IANA time zone data"
category = "main"
optional = false
python-versions = ">=2"

[metadata]
lock-version = "1.1"
python-versions = "^3.8"
content-hash = "27bae4d462085b6671a50200f57bbade2531055f01220936312ca05afef527bb"

[metadata.files]
asgiref = []
"backports.zoneinfo" = []
django = []
django-cors-headers = []
django-mssql = []
django-mssql-backend = []
djangorestframework = []
mssql-django = []
pyodbc = []
pytz = []
pyyaml = []
sqlparse = []
tzdata = []
